
Microsoft Visual Studio Solution File, Format Version 12.00
# Visual Studio Version 17
VisualStudioVersion = 17.8.34511.84
MinimumVisualStudioVersion = 10.0.40219.1
Project("{9A19103F-16F7-4668-BE54-9A1E7A4F7556}") = "MongoDbPoc", "MongoDbPoc.csproj", "{F75730F8-A50A-4616-8E28-138AE2C8572D}"
EndProject
Project("{9A19103F-16F7-4668-BE54-9A1E7A4F7556}") = "MongoDbPoc.UnitTests", "..\MongoDbPoc.UnitTests\MongoDbPoc.UnitTests.csproj", "{EA43E762-CD2B-40B3-B3B6-0387FC944614}"
EndProject
Project("{FAE04EC0-301F-11D3-BF4B-00C04F79EFBC}") = "MongoDbPoc.IntegrationTests", "..\MongoDbPoc.IntegrationTests\MongoDbPoc.IntegrationTests.csproj", "{A196FE85-F89B-4A83-BB25-4C08306C39C8}"
EndProject
Global
	GlobalSection(SolutionConfigurationPlatforms) = preSolution
		Debug|Any CPU = Debug|Any CPU
		Release|Any CPU = Release|Any CPU
	EndGlobalSection
	GlobalSection(ProjectConfigurationPlatforms) = postSolution
		{F75730F8-A50A-4616-8E28-138AE2C8572D}.Debug|Any CPU.ActiveCfg = Debug|Any CPU
		{F75730F8-A50A-4616-8E28-138AE2C8572D}.Debug|Any CPU.Build.0 = Debug|Any CPU
		{F75730F8-A50A-4616-8E28-138AE2C8572D}.Release|Any CPU.ActiveCfg = Release|Any CPU
		{F75730F8-A50A-4616-8E28-138AE2C8572D}.Release|Any CPU.Build.0 = Release|Any CPU
		{EA43E762-CD2B-40B3-B3B6-0387FC944614}.Debug|Any CPU.ActiveCfg = Debug|Any CPU
		{EA43E762-CD2B-40B3-B3B6-0387FC944614}.Debug|Any CPU.Build.0 = Debug|Any CPU
		{EA43E762-CD2B-40B3-B3B6-0387FC944614}.Release|Any CPU.ActiveCfg = Release|Any CPU
		{EA43E762-CD2B-40B3-B3B6-0387FC944614}.Release|Any CPU.Build.0 = Release|Any CPU
		{A196FE85-F89B-4A83-BB25-4C08306C39C8}.Debug|Any CPU.ActiveCfg = Debug|Any CPU
		{A196FE85-F89B-4A83-BB25-4C08306C39C8}.Debug|Any CPU.Build.0 = Debug|Any CPU
		{A196FE85-F89B-4A83-BB25-4C08306C39C8}.Release|Any CPU.ActiveCfg = Release|Any CPU
		{A196FE85-F89B-4A83-BB25-4C08306C39C8}.Release|Any CPU.Build.0 = Release|Any CPU
	EndGlobalSection
	GlobalSection(SolutionProperties) = preSolution
		HideSolutionNode = FALSE
	EndGlobalSection
	GlobalSection(ExtensibilityGlobals) = postSolution
		SolutionGuid = {EC0CAA8C-198C-4C7D-9C19-B5EA40F3D833}
	EndGlobalSection
EndGlobal
